
Microsoft Visual Studio Solution File, Format Version 12.00
# Visual Studio Version 16
VisualStudioVersion = 16.0.29215.179
MinimumVisualStudioVersion = 10.0.40219.1
Project("{FAE04EC0-301F-11D3-BF4B-00C04F79EFBC}") = "Project01", "Project01\Project01.csproj", "{C25A4036-0EFE-41A7-9005-268A742E4E16}"
EndProject
Project("{FAE04EC0-301F-11D3-BF4B-00C04F79EFBC}") = "Project02", "Project02\Project02.csproj", "{CC150040-5EDC-4EE4-B9E2-604E29A0BC08}"
EndProject
Global
	GlobalSection(SolutionConfigurationPlatforms) = preSolution
		Debug|Any CPU = Debug|Any CPU
		Release|Any CPU = Release|Any CPU
	EndGlobalSection
	GlobalSection(ProjectConfigurationPlatforms) = postSolution
		{C25A4036-0EFE-41A7-9005-268A742E4E16}.Debug|Any CPU.ActiveCfg = Debug|Any CPU
		{C25A4036-0EFE-41A7-9005-268A742E4E16}.Debug|Any CPU.Build.0 = Debug|Any CPU
		{C25A4036-0EFE-41A7-9005-268A742E4E16}.Release|Any CPU.ActiveCfg = Release|Any CPU
		{C25A4036-0EFE-41A7-9005-268A742E4E16}.Release|Any CPU.Build.0 = Release|Any CPU
		{CC150040-5EDC-4EE4-B9E2-604E29A0BC08}.Debug|Any CPU.ActiveCfg = Debug|Any CPU
		{CC150040-5EDC-4EE4-B9E2-604E29A0BC08}.Debug|Any CPU.Build.0 = Debug|Any CPU
		{CC150040-5EDC-4EE4-B9E2-604E29A0BC08}.Release|Any CPU.ActiveCfg = Release|Any CPU
		{CC150040-5EDC-4EE4-B9E2-604E29A0BC08}.Release|Any CPU.Build.0 = Release|Any CPU
	EndGlobalSection
	GlobalSection(SolutionProperties) = preSolution
		HideSolutionNode = FALSE
	EndGlobalSection
	GlobalSection(ExtensibilityGlobals) = postSolution
		SolutionGuid = {E4146589-B3C0-466F-AD97-C66AE0096CF8}
	EndGlobalSection
EndGlobal
